// !$*UTF8*$!
{
	archiveVersion = 1;
	classes = {
	};
	objectVersion = 46;
	objects = {

/* Begin PBXBuildFile section */
		4F69D5831DFDFEDB00A01F41 /* SearchResultsTableViewCell.swift in Sources */ = {isa = PBXBuildFile; fileRef = 4F69D5821DFDFEDB00A01F41 /* SearchResultsTableViewCell.swift */; };
		4F69D5851DFE1A6700A01F41 /* Item.swift in Sources */ = {isa = PBXBuildFile; fileRef = 4F69D5841DFE1A6700A01F41 /* Item.swift */; };
		6C28D4C3A76570101CB0364B /* Pods_shopping_sidekick.framework in Frameworks */ = {isa = PBXBuildFile; fileRef = CF10FC540DF147DBBE29D011 /* Pods_shopping_sidekick.framework */; };
		C1592E891DFDFD4E0032406E /* GoogleService-Info.plist in Resources */ = {isa = PBXBuildFile; fileRef = C1592E881DFDFD4E0032406E /* GoogleService-Info.plist */; };
		C1592E931DFE08C80032406E /* LoginViewController.swift in Sources */ = {isa = PBXBuildFile; fileRef = C1592E921DFE08C80032406E /* LoginViewController.swift */; };
		C1592E951DFE0E6D0032406E /* FBSDKCoreKit.framework in Frameworks */ = {isa = PBXBuildFile; fileRef = C1592E941DFE0E6D0032406E /* FBSDKCoreKit.framework */; };
		C1592E971DFE17040032406E /* FBSDKLoginKit.framework in Frameworks */ = {isa = PBXBuildFile; fileRef = C1592E961DFE17040032406E /* FBSDKLoginKit.framework */; };
		C18C144B1DFDF9DB00358445 /* ItemPageViewController.swift in Sources */ = {isa = PBXBuildFile; fileRef = C18C144A1DFDF9DB00358445 /* ItemPageViewController.swift */; };
		C18C144D1DFDFA1700358445 /* AddItemViewController.swift in Sources */ = {isa = PBXBuildFile; fileRef = C18C144C1DFDFA1700358445 /* AddItemViewController.swift */; };
		C18C144F1DFDFA4700358445 /* TableViewCell.swift in Sources */ = {isa = PBXBuildFile; fileRef = C18C144E1DFDFA4700358445 /* TableViewCell.swift */; };
		C1B9AF051DFDF345006BAD21 /* AppDelegate.swift in Sources */ = {isa = PBXBuildFile; fileRef = C1B9AF041DFDF345006BAD21 /* AppDelegate.swift */; };
		C1B9AF071DFDF345006BAD21 /* ViewController.swift in Sources */ = {isa = PBXBuildFile; fileRef = C1B9AF061DFDF345006BAD21 /* ViewController.swift */; };
		C1B9AF0A1DFDF345006BAD21 /* Main.storyboard in Resources */ = {isa = PBXBuildFile; fileRef = C1B9AF081DFDF345006BAD21 /* Main.storyboard */; };
		C1B9AF0C1DFDF345006BAD21 /* Assets.xcassets in Resources */ = {isa = PBXBuildFile; fileRef = C1B9AF0B1DFDF345006BAD21 /* Assets.xcassets */; };
		C1B9AF0F1DFDF345006BAD21 /* LaunchScreen.storyboard in Resources */ = {isa = PBXBuildFile; fileRef = C1B9AF0D1DFDF345006BAD21 /* LaunchScreen.storyboard */; };
/* End PBXBuildFile section */

/* Begin PBXFileReference section */
		05FA21D43C35431EC4354B62 /* Pods-shopping-sidekick.release.xcconfig */ = {isa = PBXFileReference; includeInIndex = 1; lastKnownFileType = text.xcconfig; name = "Pods-shopping-sidekick.release.xcconfig"; path = "Pods/Target Support Files/Pods-shopping-sidekick/Pods-shopping-sidekick.release.xcconfig"; sourceTree = "<group>"; };
		4F69D5821DFDFEDB00A01F41 /* SearchResultsTableViewCell.swift */ = {isa = PBXFileReference; fileEncoding = 4; lastKnownFileType = sourcecode.swift; path = SearchResultsTableViewCell.swift; sourceTree = "<group>"; };
		4F69D5841DFE1A6700A01F41 /* Item.swift */ = {isa = PBXFileReference; fileEncoding = 4; lastKnownFileType = sourcecode.swift; path = Item.swift; sourceTree = "<group>"; };
		C1592E881DFDFD4E0032406E /* GoogleService-Info.plist */ = {isa = PBXFileReference; fileEncoding = 4; lastKnownFileType = text.plist.xml; path = "GoogleService-Info.plist"; sourceTree = "<group>"; };
		C1592E921DFE08C80032406E /* LoginViewController.swift */ = {isa = PBXFileReference; fileEncoding = 4; lastKnownFileType = sourcecode.swift; path = LoginViewController.swift; sourceTree = "<group>"; };
		C1592E941DFE0E6D0032406E /* FBSDKCoreKit.framework */ = {isa = PBXFileReference; lastKnownFileType = wrapper.framework; name = FBSDKCoreKit.framework; path = ../../../../Documents/FacebookSDK/FBSDKCoreKit.framework; sourceTree = "<group>"; };
		C1592E961DFE17040032406E /* FBSDKLoginKit.framework */ = {isa = PBXFileReference; lastKnownFileType = wrapper.framework; name = FBSDKLoginKit.framework; path = ../../../../Documents/FacebookSDK/FBSDKLoginKit.framework; sourceTree = "<group>"; };
		C18C144A1DFDF9DB00358445 /* ItemPageViewController.swift */ = {isa = PBXFileReference; fileEncoding = 4; lastKnownFileType = sourcecode.swift; path = ItemPageViewController.swift; sourceTree = "<group>"; };
		C18C144C1DFDFA1700358445 /* AddItemViewController.swift */ = {isa = PBXFileReference; fileEncoding = 4; lastKnownFileType = sourcecode.swift; path = AddItemViewController.swift; sourceTree = "<group>"; };
		C18C144E1DFDFA4700358445 /* TableViewCell.swift */ = {isa = PBXFileReference; fileEncoding = 4; lastKnownFileType = sourcecode.swift; path = TableViewCell.swift; sourceTree = "<group>"; };
		C1B9AF011DFDF345006BAD21 /* shopping-sidekick.app */ = {isa = PBXFileReference; explicitFileType = wrapper.application; includeInIndex = 0; path = "shopping-sidekick.app"; sourceTree = BUILT_PRODUCTS_DIR; };
		C1B9AF041DFDF345006BAD21 /* AppDelegate.swift */ = {isa = PBXFileReference; lastKnownFileType = sourcecode.swift; path = AppDelegate.swift; sourceTree = "<group>"; };
		C1B9AF061DFDF345006BAD21 /* ViewController.swift */ = {isa = PBXFileReference; lastKnownFileType = sourcecode.swift; path = ViewController.swift; sourceTree = "<group>"; };
		C1B9AF091DFDF345006BAD21 /* Base */ = {isa = PBXFileReference; lastKnownFileType = file.storyboard; name = Base; path = Base.lproj/Main.storyboard; sourceTree = "<group>"; };
		C1B9AF0B1DFDF345006BAD21 /* Assets.xcassets */ = {isa = PBXFileReference; lastKnownFileType = folder.assetcatalog; path = Assets.xcassets; sourceTree = "<group>"; };
		C1B9AF0E1DFDF345006BAD21 /* Base */ = {isa = PBXFileReference; lastKnownFileType = file.storyboard; name = Base; path = Base.lproj/LaunchScreen.storyboard; sourceTree = "<group>"; };
		C1B9AF101DFDF345006BAD21 /* Info.plist */ = {isa = PBXFileReference; lastKnownFileType = text.plist.xml; path = Info.plist; sourceTree = "<group>"; };
		CF10FC540DF147DBBE29D011 /* Pods_shopping_sidekick.framework */ = {isa = PBXFileReference; explicitFileType = wrapper.framework; includeInIndex = 0; path = Pods_shopping_sidekick.framework; sourceTree = BUILT_PRODUCTS_DIR; };
		F1093A7E537ABCFBB74A8574 /* Pods-shopping-sidekick.debug.xcconfig */ = {isa = PBXFileReference; includeInIndex = 1; lastKnownFileType = text.xcconfig; name = "Pods-shopping-sidekick.debug.xcconfig"; path = "Pods/Target Support Files/Pods-shopping-sidekick/Pods-shopping-sidekick.debug.xcconfig"; sourceTree = "<group>"; };
/* End PBXFileReference section */

/* Begin PBXFrameworksBuildPhase section */
		C1B9AEFE1DFDF345006BAD21 /* Frameworks */ = {
			isa = PBXFrameworksBuildPhase;
			buildActionMask = 2147483647;
			files = (
				6C28D4C3A76570101CB0364B /* Pods_shopping_sidekick.framework in Frameworks */,
				C1592E951DFE0E6D0032406E /* FBSDKCoreKit.framework in Frameworks */,
				C1592E971DFE17040032406E /* FBSDKLoginKit.framework in Frameworks */,
			);
			runOnlyForDeploymentPostprocessing = 0;
		};
/* End PBXFrameworksBuildPhase section */

/* Begin PBXGroup section */
		065E246C5DC66E0430F2927C /* Pods */ = {
			isa = PBXGroup;
			children = (
				F1093A7E537ABCFBB74A8574 /* Pods-shopping-sidekick.debug.xcconfig */,
				05FA21D43C35431EC4354B62 /* Pods-shopping-sidekick.release.xcconfig */,
			);
			name = Pods;
			sourceTree = "<group>";
		};
		78EA001E5AF11B58FBC04067 /* Frameworks */ = {
			isa = PBXGroup;
			children = (
				C1592E961DFE17040032406E /* FBSDKLoginKit.framework */,
				C1592E941DFE0E6D0032406E /* FBSDKCoreKit.framework */,
				CF10FC540DF147DBBE29D011 /* Pods_shopping_sidekick.framework */,
			);
			name = Frameworks;
			sourceTree = "<group>";
		};
		C1B9AEF81DFDF345006BAD21 = {
			isa = PBXGroup;
			children = (
				C1B9AF031DFDF345006BAD21 /* shopping-sidekick */,
				C1B9AF021DFDF345006BAD21 /* Products */,
				065E246C5DC66E0430F2927C /* Pods */,
				78EA001E5AF11B58FBC04067 /* Frameworks */,
			);
			sourceTree = "<group>";
		};
		C1B9AF021DFDF345006BAD21 /* Products */ = {
			isa = PBXGroup;
			children = (
				C1B9AF011DFDF345006BAD21 /* shopping-sidekick.app */,
			);
			name = Products;
			sourceTree = "<group>";
		};
		C1B9AF031DFDF345006BAD21 /* shopping-sidekick */ = {
			isa = PBXGroup;
			children = (
				C1592E881DFDFD4E0032406E /* GoogleService-Info.plist */,
				C1592E921DFE08C80032406E /* LoginViewController.swift */,
				C1B9AF041DFDF345006BAD21 /* AppDelegate.swift */,
				C1B9AF061DFDF345006BAD21 /* ViewController.swift */,
				C18C144E1DFDFA4700358445 /* TableViewCell.swift */,
				4F69D5821DFDFEDB00A01F41 /* SearchResultsTableViewCell.swift */,
				C1B9AF081DFDF345006BAD21 /* Main.storyboard */,
				4F69D5841DFE1A6700A01F41 /* Item.swift */,
				C1B9AF0B1DFDF345006BAD21 /* Assets.xcassets */,
				C1B9AF0D1DFDF345006BAD21 /* LaunchScreen.storyboard */,
				C1B9AF101DFDF345006BAD21 /* Info.plist */,
				C18C144A1DFDF9DB00358445 /* ItemPageViewController.swift */,
				C18C144C1DFDFA1700358445 /* AddItemViewController.swift */,
			);
			path = "shopping-sidekick";
			sourceTree = "<group>";
		};
/* End PBXGroup section */

/* Begin PBXNativeTarget section */
		C1B9AF001DFDF345006BAD21 /* shopping-sidekick */ = {
			isa = PBXNativeTarget;
			buildConfigurationList = C1B9AF131DFDF345006BAD21 /* Build configuration list for PBXNativeTarget "shopping-sidekick" */;
			buildPhases = (
				ADEEEF8F9FD02FC0FC82F360 /* [CP] Check Pods Manifest.lock */,
				C1B9AEFD1DFDF345006BAD21 /* Sources */,
				C1B9AEFE1DFDF345006BAD21 /* Frameworks */,
				C1B9AEFF1DFDF345006BAD21 /* Resources */,
				1351312A437D685E1EFD90E7 /* [CP] Embed Pods Frameworks */,
				FBF76869D208F722FE80D319 /* [CP] Copy Pods Resources */,
			);
			buildRules = (
			);
			dependencies = (
			);
			name = "shopping-sidekick";
			productName = "shopping-sidekick";
			productReference = C1B9AF011DFDF345006BAD21 /* shopping-sidekick.app */;
			productType = "com.apple.product-type.application";
		};
/* End PBXNativeTarget section */

/* Begin PBXProject section */
		C1B9AEF91DFDF345006BAD21 /* Project object */ = {
			isa = PBXProject;
			attributes = {
				LastSwiftUpdateCheck = 0810;
				LastUpgradeCheck = 0810;
				ORGANIZATIONNAME = "Amritanshu Kajaria";
				TargetAttributes = {
					C1B9AF001DFDF345006BAD21 = {
						CreatedOnToolsVersion = 8.1;
						DevelopmentTeam = MXU3E7ZR48;
						ProvisioningStyle = Automatic;
					};
				};
			};
			buildConfigurationList = C1B9AEFC1DFDF345006BAD21 /* Build configuration list for PBXProject "shopping-sidekick" */;
			compatibilityVersion = "Xcode 3.2";
			developmentRegion = English;
			hasScannedForEncodings = 0;
			knownRegions = (
				en,
				Base,
			);
			mainGroup = C1B9AEF81DFDF345006BAD21;
			productRefGroup = C1B9AF021DFDF345006BAD21 /* Products */;
			projectDirPath = "";
			projectRoot = "";
			targets = (
				C1B9AF001DFDF345006BAD21 /* shopping-sidekick */,
			);
		};
/* End PBXProject section */

/* Begin PBXResourcesBuildPhase section */
		C1B9AEFF1DFDF345006BAD21 /* Resources */ = {
			isa = PBXResourcesBuildPhase;
			buildActionMask = 2147483647;
			files = (
				C1B9AF0F1DFDF345006BAD21 /* LaunchScreen.storyboard in Resources */,
				C1592E891DFDFD4E0032406E /* GoogleService-Info.plist in Resources */,
				C1B9AF0C1DFDF345006BAD21 /* Assets.xcassets in Resources */,
				C1B9AF0A1DFDF345006BAD21 /* Main.storyboard in Resources */,
			);
			runOnlyForDeploymentPostprocessing = 0;
		};
/* End PBXResourcesBuildPhase section */

/* Begin PBXShellScriptBuildPhase section */
		1351312A437D685E1EFD90E7 /* [CP] Embed Pods Frameworks */ = {
			isa = PBXShellScriptBuildPhase;
			buildActionMask = 2147483647;
			files = (
			);
			inputPaths = (
			);
			name = "[CP] Embed Pods Frameworks";
			outputPaths = (
			);
			runOnlyForDeploymentPostprocessing = 0;
			shellPath = /bin/sh;
			shellScript = "\"${SRCROOT}/Pods/Target Support Files/Pods-shopping-sidekick/Pods-shopping-sidekick-frameworks.sh\"\n";
			showEnvVarsInLog = 0;
		};
		ADEEEF8F9FD02FC0FC82F360 /* [CP] Check Pods Manifest.lock */ = {
			isa = PBXShellScriptBuildPhase;
			buildActionMask = 2147483647;
			files = (
			);
			inputPaths = (
			);
			name = "[CP] Check Pods Manifest.lock";
			outputPaths = (
			);
			runOnlyForDeploymentPostprocessing = 0;
			shellPath = /bin/sh;
			shellScript = "diff \"${PODS_ROOT}/../Podfile.lock\" \"${PODS_ROOT}/Manifest.lock\" > /dev/null\nif [ $? != 0 ] ; then\n    # print error to STDERR\n    echo \"error: The sandbox is not in sync with the Podfile.lock. Run 'pod install' or update your CocoaPods installation.\" >&2\n    exit 1\nfi\n";
			showEnvVarsInLog = 0;
		};
		FBF76869D208F722FE80D319 /* [CP] Copy Pods Resources */ = {
			isa = PBXShellScriptBuildPhase;
			buildActionMask = 2147483647;
			files = (
			);
			inputPaths = (
			);
			name = "[CP] Copy Pods Resources";
			outputPaths = (
			);
			runOnlyForDeploymentPostprocessing = 0;
			shellPath = /bin/sh;
			shellScript = "\"${SRCROOT}/Pods/Target Support Files/Pods-shopping-sidekick/Pods-shopping-sidekick-resources.sh\"\n";
			showEnvVarsInLog = 0;
		};
/* End PBXShellScriptBuildPhase section */

/* Begin PBXSourcesBuildPhase section */
		C1B9AEFD1DFDF345006BAD21 /* Sources */ = {
			isa = PBXSourcesBuildPhase;
			buildActionMask = 2147483647;
			files = (
				C1592E931DFE08C80032406E /* LoginViewController.swift in Sources */,
				C18C144F1DFDFA4700358445 /* TableViewCell.swift in Sources */,
				C18C144B1DFDF9DB00358445 /* ItemPageViewController.swift in Sources */,
				4F69D5831DFDFEDB00A01F41 /* SearchResultsTableViewCell.swift in Sources */,
				C18C144D1DFDFA1700358445 /* AddItemViewController.swift in Sources */,
				4F69D5851DFE1A6700A01F41 /* Item.swift in Sources */,
				C1B9AF071DFDF345006BAD21 /* ViewController.swift in Sources */,
				C1B9AF051DFDF345006BAD21 /* AppDelegate.swift in Sources */,
			);
			runOnlyForDeploymentPostprocessing = 0;
		};
/* End PBXSourcesBuildPhase section */

/* Begin PBXVariantGroup section */
		C1B9AF081DFDF345006BAD21 /* Main.storyboard */ = {
			isa = PBXVariantGroup;
			children = (
				C1B9AF091DFDF345006BAD21 /* Base */,
			);
			name = Main.storyboard;
			sourceTree = "<group>";
		};
		C1B9AF0D1DFDF345006BAD21 /* LaunchScreen.storyboard */ = {
			isa = PBXVariantGroup;
			children = (
				C1B9AF0E1DFDF345006BAD21 /* Base */,
			);
			name = LaunchScreen.storyboard;
			sourceTree = "<group>";
		};
/* End PBXVariantGroup section */

/* Begin XCBuildConfiguration section */
		C1B9AF111DFDF345006BAD21 /* Debug */ = {
			isa = XCBuildConfiguration;
			buildSettings = {
				ALWAYS_SEARCH_USER_PATHS = NO;
				CLANG_ANALYZER_NONNULL = YES;
				CLANG_CXX_LANGUAGE_STANDARD = "gnu++0x";
				CLANG_CXX_LIBRARY = "libc++";
				CLANG_ENABLE_MODULES = YES;
				CLANG_ENABLE_OBJC_ARC = YES;
				CLANG_WARN_BOOL_CONVERSION = YES;
				CLANG_WARN_CONSTANT_CONVERSION = YES;
				CLANG_WARN_DIRECT_OBJC_ISA_USAGE = YES_ERROR;
				CLANG_WARN_DOCUMENTATION_COMMENTS = YES;
				CLANG_WARN_EMPTY_BODY = YES;
				CLANG_WARN_ENUM_CONVERSION = YES;
				CLANG_WARN_INFINITE_RECURSION = YES;
				CLANG_WARN_INT_CONVERSION = YES;
				CLANG_WARN_OBJC_ROOT_CLASS = YES_ERROR;
				CLANG_WARN_SUSPICIOUS_MOVE = YES;
				CLANG_WARN_SUSPICIOUS_MOVES = YES;
				CLANG_WARN_UNREACHABLE_CODE = YES;
				CLANG_WARN__DUPLICATE_METHOD_MATCH = YES;
				CODE_SIGN_IDENTITY = "iPhone Developer: Amritanshu Kajaria (W3GBLWPE9P)";
				"CODE_SIGN_IDENTITY[sdk=iphoneos*]" = "iPhone Developer";
				COPY_PHASE_STRIP = NO;
				DEBUG_INFORMATION_FORMAT = dwarf;
				ENABLE_STRICT_OBJC_MSGSEND = YES;
				ENABLE_TESTABILITY = YES;
				GCC_C_LANGUAGE_STANDARD = gnu99;
				GCC_DYNAMIC_NO_PIC = NO;
				GCC_NO_COMMON_BLOCKS = YES;
				GCC_OPTIMIZATION_LEVEL = 0;
				GCC_PREPROCESSOR_DEFINITIONS = (
					"DEBUG=1",
					"$(inherited)",
				);
				GCC_WARN_64_TO_32_BIT_CONVERSION = YES;
				GCC_WARN_ABOUT_RETURN_TYPE = YES_ERROR;
				GCC_WARN_UNDECLARED_SELECTOR = YES;
				GCC_WARN_UNINITIALIZED_AUTOS = YES_AGGRESSIVE;
				GCC_WARN_UNUSED_FUNCTION = YES;
				GCC_WARN_UNUSED_VARIABLE = YES;
				IPHONEOS_DEPLOYMENT_TARGET = 10.1;
				MTL_ENABLE_DEBUG_INFO = YES;
				ONLY_ACTIVE_ARCH = YES;
				SDKROOT = iphoneos;
				SWIFT_ACTIVE_COMPILATION_CONDITIONS = DEBUG;
				SWIFT_OPTIMIZATION_LEVEL = "-Onone";
			};
			name = Debug;
		};
		C1B9AF121DFDF345006BAD21 /* Release */ = {
			isa = XCBuildConfiguration;
			buildSettings = {
				ALWAYS_SEARCH_USER_PATHS = NO;
				CLANG_ANALYZER_NONNULL = YES;
				CLANG_CXX_LANGUAGE_STANDARD = "gnu++0x";
				CLANG_CXX_LIBRARY = "libc++";
				CLANG_ENABLE_MODULES = YES;
				CLANG_ENABLE_OBJC_ARC = YES;
				CLANG_WARN_BOOL_CONVERSION = YES;
				CLANG_WARN_CONSTANT_CONVERSION = YES;
				CLANG_WARN_DIRECT_OBJC_ISA_USAGE = YES_ERROR;
				CLANG_WARN_DOCUMENTATION_COMMENTS = YES;
				CLANG_WARN_EMPTY_BODY = YES;
				CLANG_WARN_ENUM_CONVERSION = YES;
				CLANG_WARN_INFINITE_RECURSION = YES;
				CLANG_WARN_INT_CONVERSION = YES;
				CLANG_WARN_OBJC_ROOT_CLASS = YES_ERROR;
				CLANG_WARN_SUSPICIOUS_MOVE = YES;
				CLANG_WARN_SUSPICIOUS_MOVES = YES;
				CLANG_WARN_UNREACHABLE_CODE = YES;
				CLANG_WARN__DUPLICATE_METHOD_MATCH = YES;
				CODE_SIGN_IDENTITY = "iPhone Developer: Amritanshu Kajaria (W3GBLWPE9P)";
				"CODE_SIGN_IDENTITY[sdk=iphoneos*]" = "iPhone Developer";
				COPY_PHASE_STRIP = NO;
				DEBUG_INFORMATION_FORMAT = "dwarf-with-dsym";
				ENABLE_NS_ASSERTIONS = NO;
				ENABLE_STRICT_OBJC_MSGSEND = YES;
				GCC_C_LANGUAGE_STANDARD = gnu99;
				GCC_NO_COMMON_BLOCKS = YES;
				GCC_WARN_64_TO_32_BIT_CONVERSION = YES;
				GCC_WARN_ABOUT_RETURN_TYPE = YES_ERROR;
				GCC_WARN_UNDECLARED_SELECTOR = YES;
				GCC_WARN_UNINITIALIZED_AUTOS = YES_AGGRESSIVE;
				GCC_WARN_UNUSED_FUNCTION = YES;
				GCC_WARN_UNUSED_VARIABLE = YES;
				IPHONEOS_DEPLOYMENT_TARGET = 10.1;
				MTL_ENABLE_DEBUG_INFO = NO;
				SDKROOT = iphoneos;
				SWIFT_OPTIMIZATION_LEVEL = "-Owholemodule";
				VALIDATE_PRODUCT = YES;
			};
			name = Release;
		};
		C1B9AF141DFDF345006BAD21 /* Debug */ = {
			isa = XCBuildConfiguration;
			baseConfigurationReference = F1093A7E537ABCFBB74A8574 /* Pods-shopping-sidekick.debug.xcconfig */;
			buildSettings = {
				ASSETCATALOG_COMPILER_APPICON_NAME = AppIcon;
				DEVELOPMENT_TEAM = MXU3E7ZR48;
				FRAMEWORK_SEARCH_PATHS = (
					"$(inherited)",
					"$(PROJECT_DIR)",
					/Users/amri/Documents/FacebookSDK,
				);
				INFOPLIST_FILE = "shopping-sidekick/Info.plist";
				LD_RUNPATH_SEARCH_PATHS = "$(inherited) @executable_path/Frameworks";
				PRODUCT_BUNDLE_IDENTIFIER = "nyu.edu.shopping-sidekick";
				PRODUCT_NAME = "$(TARGET_NAME)";
				SWIFT_VERSION = 3.0;
			};
			name = Debug;
		};
		C1B9AF151DFDF345006BAD21 /* Release */ = {
			isa = XCBuildConfiguration;
			baseConfigurationReference = 05FA21D43C35431EC4354B62 /* Pods-shopping-sidekick.release.xcconfig */;
			buildSettings = {
				ASSETCATALOG_COMPILER_APPICON_NAME = AppIcon;
				DEVELOPMENT_TEAM = MXU3E7ZR48;
				FRAMEWORK_SEARCH_PATHS = (
					"$(inherited)",
					"$(PROJECT_DIR)",
					/Users/amri/Documents/FacebookSDK,
				);
				INFOPLIST_FILE = "shopping-sidekick/Info.plist";
				LD_RUNPATH_SEARCH_PATHS = "$(inherited) @executable_path/Frameworks";
				PRODUCT_BUNDLE_IDENTIFIER = "nyu.edu.shopping-sidekick";
				PRODUCT_NAME = "$(TARGET_NAME)";
				SWIFT_VERSION = 3.0;
			};
			name = Release;
		};
/* End XCBuildConfiguration section */

/* Begin XCConfigurationList section */
		C1B9AEFC1DFDF345006BAD21 /* Build configuration list for PBXProject "shopping-sidekick" */ = {
			isa = XCConfigurationList;
			buildConfigurations = (
				C1B9AF111DFDF345006BAD21 /* Debug */,
				C1B9AF121DFDF345006BAD21 /* Release */,
			);
			defaultConfigurationIsVisible = 0;
			defaultConfigurationName = Release;
		};
		C1B9AF131DFDF345006BAD21 /* Build configuration list for PBXNativeTarget "shopping-sidekick" */ = {
			isa = XCConfigurationList;
			buildConfigurations = (
				C1B9AF141DFDF345006BAD21 /* Debug */,
				C1B9AF151DFDF345006BAD21 /* Release */,
			);
			defaultConfigurationIsVisible = 0;
			defaultConfigurationName = Release;
		};
/* End XCConfigurationList section */
	};
	rootObject = C1B9AEF91DFDF345006BAD21 /* Project object */;
}
